
Microsoft Visual Studio Solution File, Format Version 12.00
# Visual Studio Version 16
VisualStudioVersion = 16.0.30621.155
MinimumVisualStudioVersion = 10.0.40219.1
Project("{FAE04EC0-301F-11D3-BF4B-00C04F79EFBC}") = "PwI_MVC", "PwI_MVC.csproj", "{4FB40F79-6BFF-4C9B-B988-7643A647DF42}"
EndProject
Global
	GlobalSection(SolutionConfigurationPlatforms) = preSolution
		Debug|Any CPU = Debug|Any CPU
		Release|Any CPU = Release|Any CPU
	EndGlobalSection
	GlobalSection(ProjectConfigurationPlatforms) = postSolution
		{4FB40F79-6BFF-4C9B-B988-7643A647DF42}.Debug|Any CPU.ActiveCfg = Debug|Any CPU
		{4FB40F79-6BFF-4C9B-B988-7643A647DF42}.Debug|Any CPU.Build.0 = Debug|Any CPU
		{4FB40F79-6BFF-4C9B-B988-7643A647DF42}.Release|Any CPU.ActiveCfg = Release|Any CPU
		{4FB40F79-6BFF-4C9B-B988-7643A647DF42}.Release|Any CPU.Build.0 = Release|Any CPU
	EndGlobalSection
	GlobalSection(SolutionProperties) = preSolution
		HideSolutionNode = FALSE
	EndGlobalSection
	GlobalSection(ExtensibilityGlobals) = postSolution
		SolutionGuid = {DBF6AE93-AE23-4B43-AE04-F8337C703728}
	EndGlobalSection
EndGlobal
